
Microsoft Visual Studio Solution File, Format Version 12.00
# Visual Studio Version 17
VisualStudioVersion = 17.13.35825.156
MinimumVisualStudioVersion = 10.0.40219.1
Project("{FAE04EC0-301F-11D3-BF4B-00C04F79EFBC}") = "SocialCare.DATA", "SocialCare.DATA\SocialCare.DATA.csproj", "{BC4A4AE2-4D71-43D9-9B4D-8C1E31213969}"
EndProject
Project("{FAE04EC0-301F-11D3-BF4B-00C04F79EFBC}") = "SocialCare.WEB", "SocialCare.WEB\SocialCare.WEB.csproj", "{2D0979D8-173E-443B-9E4D-FA0E0AFECC5F}"
EndProject
Global
	GlobalSection(SolutionConfigurationPlatforms) = preSolution
		Debug|Any CPU = Debug|Any CPU
		Release|Any CPU = Release|Any CPU
	EndGlobalSection
	GlobalSection(ProjectConfigurationPlatforms) = postSolution
		{BC4A4AE2-4D71-43D9-9B4D-8C1E31213969}.Debug|Any CPU.ActiveCfg = Debug|Any CPU
		{BC4A4AE2-4D71-43D9-9B4D-8C1E31213969}.Debug|Any CPU.Build.0 = Debug|Any CPU
		{BC4A4AE2-4D71-43D9-9B4D-8C1E31213969}.Release|Any CPU.ActiveCfg = Release|Any CPU
		{BC4A4AE2-4D71-43D9-9B4D-8C1E31213969}.Release|Any CPU.Build.0 = Release|Any CPU
		{2D0979D8-173E-443B-9E4D-FA0E0AFECC5F}.Debug|Any CPU.ActiveCfg = Debug|Any CPU
		{2D0979D8-173E-443B-9E4D-FA0E0AFECC5F}.Debug|Any CPU.Build.0 = Debug|Any CPU
		{2D0979D8-173E-443B-9E4D-FA0E0AFECC5F}.Release|Any CPU.ActiveCfg = Release|Any CPU
		{2D0979D8-173E-443B-9E4D-FA0E0AFECC5F}.Release|Any CPU.Build.0 = Release|Any CPU
	EndGlobalSection
	GlobalSection(SolutionProperties) = preSolution
		HideSolutionNode = FALSE
	EndGlobalSection
	GlobalSection(ExtensibilityGlobals) = postSolution
		SolutionGuid = {633A7211-5E42-4801-86D4-21F6A495FE1C}
	EndGlobalSection
EndGlobal
